
Microsoft Visual Studio Solution File, Format Version 12.00
# Visual Studio Version 16
VisualStudioVersion = 16.0.28803.156
MinimumVisualStudioVersion = 10.0.40219.1
Project("{FAE04EC0-301F-11D3-BF4B-00C04F79EFBC}") = "TSEI_Cleanup", "TSEI_Cleanup.csproj", "{1D05F852-E9CA-480E-B212-7B4DFFC7DD6E}"
EndProject
Global
	GlobalSection(SolutionConfigurationPlatforms) = preSolution
		Debug|Any CPU = Debug|Any CPU
		Release|Any CPU = Release|Any CPU
	EndGlobalSection
	GlobalSection(ProjectConfigurationPlatforms) = postSolution
		{1D05F852-E9CA-480E-B212-7B4DFFC7DD6E}.Debug|Any CPU.ActiveCfg = Debug|Any CPU
		{1D05F852-E9CA-480E-B212-7B4DFFC7DD6E}.Debug|Any CPU.Build.0 = Debug|Any CPU
		{1D05F852-E9CA-480E-B212-7B4DFFC7DD6E}.Release|Any CPU.ActiveCfg = Release|Any CPU
		{1D05F852-E9CA-480E-B212-7B4DFFC7DD6E}.Release|Any CPU.Build.0 = Release|Any CPU
	EndGlobalSection
	GlobalSection(SolutionProperties) = preSolution
		HideSolutionNode = FALSE
	EndGlobalSection
	GlobalSection(ExtensibilityGlobals) = postSolution
		SolutionGuid = {ADEA4DDD-0876-4FBA-BAC6-8F11543C58EC}
	EndGlobalSection
EndGlobal
